
Microsoft Visual Studio Solution File, Format Version 12.00
# Visual Studio Version 16
VisualStudioVersion = 16.0.29102.190
MinimumVisualStudioVersion = 10.0.40219.1
Project("{8BC9CEB8-8B4A-11D0-8D11-00A0C91BC942}") = "CubedToDeath", "CubedToDeath\CubedToDeath.vcxproj", "{A8ED0444-BE29-48B0-B6AC-481714DCCFDA}"
EndProject
Global
	GlobalSection(SolutionConfigurationPlatforms) = preSolution
		Debug|x64 = Debug|x64
		Debug|x86 = Debug|x86
		Release|x64 = Release|x64
		Release|x86 = Release|x86
	EndGlobalSection
	GlobalSection(ProjectConfigurationPlatforms) = postSolution
		{A8ED0444-BE29-48B0-B6AC-481714DCCFDA}.Debug|x64.ActiveCfg = Debug|x64
		{A8ED0444-BE29-48B0-B6AC-481714DCCFDA}.Debug|x64.Build.0 = Debug|x64
		{A8ED0444-BE29-48B0-B6AC-481714DCCFDA}.Debug|x86.ActiveCfg = Debug|Win32
		{A8ED0444-BE29-48B0-B6AC-481714DCCFDA}.Debug|x86.Build.0 = Debug|Win32
		{A8ED0444-BE29-48B0-B6AC-481714DCCFDA}.Release|x64.ActiveCfg = Release|x64
		{A8ED0444-BE29-48B0-B6AC-481714DCCFDA}.Release|x64.Build.0 = Release|x64
		{A8ED0444-BE29-48B0-B6AC-481714DCCFDA}.Release|x86.ActiveCfg = Release|Win32
		{A8ED0444-BE29-48B0-B6AC-481714DCCFDA}.Release|x86.Build.0 = Release|Win32
	EndGlobalSection
	GlobalSection(SolutionProperties) = preSolution
		HideSolutionNode = FALSE
	EndGlobalSection
	GlobalSection(ExtensibilityGlobals) = postSolution
		SolutionGuid = {DDE1563F-D401-4698-BECC-FE54A946B487}
	EndGlobalSection
EndGlobal
